
Microsoft Visual Studio Solution File, Format Version 12.00
# Visual Studio Version 17
VisualStudioVersion = 17.3.32929.385
MinimumVisualStudioVersion = 10.0.40219.1
Project("{8BC9CEB8-8B4A-11D0-8D11-00A0C91BC942}") = "Kawasemi", "Kawasemi\Kawasemi.vcxproj", "{C74E15DC-A5CB-408F-B5E4-20494D5564DA}"
EndProject
Global
	GlobalSection(SolutionConfigurationPlatforms) = preSolution
		Debug|x64 = Debug|x64
		Debug|x86 = Debug|x86
		Release|x64 = Release|x64
		Release|x86 = Release|x86
	EndGlobalSection
	GlobalSection(ProjectConfigurationPlatforms) = postSolution
		{C74E15DC-A5CB-408F-B5E4-20494D5564DA}.Debug|x64.ActiveCfg = Debug|x64
		{C74E15DC-A5CB-408F-B5E4-20494D5564DA}.Debug|x64.Build.0 = Debug|x64
		{C74E15DC-A5CB-408F-B5E4-20494D5564DA}.Debug|x86.ActiveCfg = Debug|Win32
		{C74E15DC-A5CB-408F-B5E4-20494D5564DA}.Debug|x86.Build.0 = Debug|Win32
		{C74E15DC-A5CB-408F-B5E4-20494D5564DA}.Release|x64.ActiveCfg = Release|x64
		{C74E15DC-A5CB-408F-B5E4-20494D5564DA}.Release|x64.Build.0 = Release|x64
		{C74E15DC-A5CB-408F-B5E4-20494D5564DA}.Release|x86.ActiveCfg = Release|Win32
		{C74E15DC-A5CB-408F-B5E4-20494D5564DA}.Release|x86.Build.0 = Release|Win32
	EndGlobalSection
	GlobalSection(SolutionProperties) = preSolution
		HideSolutionNode = FALSE
	EndGlobalSection
	GlobalSection(ExtensibilityGlobals) = postSolution
		SolutionGuid = {20ADE52A-5440-4641-BA2E-C62601E9A519}
	EndGlobalSection
EndGlobal
